
Microsoft Visual Studio Solution File, Format Version 12.00
# Visual Studio 14
VisualStudioVersion = 14.0.25420.1
MinimumVisualStudioVersion = 10.0.40219.1
Project("{FAE04EC0-301F-11D3-BF4B-00C04F79EFBC}") = "JsonAnalyzer", "JsonAnalyzer\JsonAnalyzer.csproj", "{39279914-2AC8-44A7-B925-F68D35CB11BD}"
EndProject
Project("{FAE04EC0-301F-11D3-BF4B-00C04F79EFBC}") = "JsonValidator", "JsonValidator_v2.0\JsonValidator.csproj", "{F7AF5BB2-36DA-45C7-9909-B400544AEFB5}"
EndProject
Global
	GlobalSection(SolutionConfigurationPlatforms) = preSolution
		Debug|Any CPU = Debug|Any CPU
		Release|Any CPU = Release|Any CPU
	EndGlobalSection
	GlobalSection(ProjectConfigurationPlatforms) = postSolution
		{39279914-2AC8-44A7-B925-F68D35CB11BD}.Debug|Any CPU.ActiveCfg = Debug|Any CPU
		{39279914-2AC8-44A7-B925-F68D35CB11BD}.Debug|Any CPU.Build.0 = Debug|Any CPU
		{39279914-2AC8-44A7-B925-F68D35CB11BD}.Release|Any CPU.ActiveCfg = Release|Any CPU
		{39279914-2AC8-44A7-B925-F68D35CB11BD}.Release|Any CPU.Build.0 = Release|Any CPU
		{F7AF5BB2-36DA-45C7-9909-B400544AEFB5}.Debug|Any CPU.ActiveCfg = Debug|Any CPU
		{F7AF5BB2-36DA-45C7-9909-B400544AEFB5}.Debug|Any CPU.Build.0 = Debug|Any CPU
		{F7AF5BB2-36DA-45C7-9909-B400544AEFB5}.Release|Any CPU.ActiveCfg = Release|Any CPU
		{F7AF5BB2-36DA-45C7-9909-B400544AEFB5}.Release|Any CPU.Build.0 = Release|Any CPU
	EndGlobalSection
	GlobalSection(SolutionProperties) = preSolution
		HideSolutionNode = FALSE
	EndGlobalSection
EndGlobal
